
Microsoft Visual Studio Solution File, Format Version 12.00
# Visual Studio 14
VisualStudioVersion = 14.0.25420.1
MinimumVisualStudioVersion = 10.0.40219.1
Project("{FAE04EC0-301F-11D3-BF4B-00C04F79EFBC}") = "VegetablesToday", "VegetablesToday\VegetablesToday.csproj", "{AEA1AF9C-321B-46E2-B556-4192D3C80A76}"
EndProject
Project("{FAE04EC0-301F-11D3-BF4B-00C04F79EFBC}") = "VegateblesToday.Providers", "VegateblesToday.Providers\VegateblesToday.Providers.csproj", "{0801CD1C-1BB7-4D05-96DF-CCD4C2891B3E}"
EndProject
Project("{FAE04EC0-301F-11D3-BF4B-00C04F79EFBC}") = "VegetablesToday.Data", "VegetablesToday.Data1\VegetablesToday.Data.csproj", "{CC26836B-6F68-44EA-934A-F2DA95337EC6}"
EndProject
Global
	GlobalSection(SolutionConfigurationPlatforms) = preSolution
		Debug|Any CPU = Debug|Any CPU
		Release|Any CPU = Release|Any CPU
	EndGlobalSection
	GlobalSection(ProjectConfigurationPlatforms) = postSolution
		{AEA1AF9C-321B-46E2-B556-4192D3C80A76}.Debug|Any CPU.ActiveCfg = Debug|Any CPU
		{AEA1AF9C-321B-46E2-B556-4192D3C80A76}.Debug|Any CPU.Build.0 = Debug|Any CPU
		{AEA1AF9C-321B-46E2-B556-4192D3C80A76}.Release|Any CPU.ActiveCfg = Release|Any CPU
		{AEA1AF9C-321B-46E2-B556-4192D3C80A76}.Release|Any CPU.Build.0 = Release|Any CPU
		{0801CD1C-1BB7-4D05-96DF-CCD4C2891B3E}.Debug|Any CPU.ActiveCfg = Debug|Any CPU
		{0801CD1C-1BB7-4D05-96DF-CCD4C2891B3E}.Debug|Any CPU.Build.0 = Debug|Any CPU
		{0801CD1C-1BB7-4D05-96DF-CCD4C2891B3E}.Release|Any CPU.ActiveCfg = Release|Any CPU
		{0801CD1C-1BB7-4D05-96DF-CCD4C2891B3E}.Release|Any CPU.Build.0 = Release|Any CPU
		{CC26836B-6F68-44EA-934A-F2DA95337EC6}.Debug|Any CPU.ActiveCfg = Debug|Any CPU
		{CC26836B-6F68-44EA-934A-F2DA95337EC6}.Debug|Any CPU.Build.0 = Debug|Any CPU
		{CC26836B-6F68-44EA-934A-F2DA95337EC6}.Release|Any CPU.ActiveCfg = Release|Any CPU
		{CC26836B-6F68-44EA-934A-F2DA95337EC6}.Release|Any CPU.Build.0 = Release|Any CPU
	EndGlobalSection
	GlobalSection(SolutionProperties) = preSolution
		HideSolutionNode = FALSE
	EndGlobalSection
EndGlobal
