
Microsoft Visual Studio Solution File, Format Version 12.00
# Visual Studio 14
VisualStudioVersion = 14.0.25420.1
MinimumVisualStudioVersion = 10.0.40219.1
Project("{FAE04EC0-301F-11D3-BF4B-00C04F79EFBC}") = "MVCForm", "MVCForm\MVCForm.csproj", "{879809CA-22D8-467E-89A1-2887433D4015}"
EndProject
Project("{FAE04EC0-301F-11D3-BF4B-00C04F79EFBC}") = "MVCForm.Providers", "MVCForm.Providers\MVCForm.Providers.csproj", "{CA82ACE1-BADE-4B3C-89A6-2FD93C90D61D}"
EndProject
Global
	GlobalSection(SolutionConfigurationPlatforms) = preSolution
		Debug|Any CPU = Debug|Any CPU
		Release|Any CPU = Release|Any CPU
	EndGlobalSection
	GlobalSection(ProjectConfigurationPlatforms) = postSolution
		{879809CA-22D8-467E-89A1-2887433D4015}.Debug|Any CPU.ActiveCfg = Debug|Any CPU
		{879809CA-22D8-467E-89A1-2887433D4015}.Debug|Any CPU.Build.0 = Debug|Any CPU
		{879809CA-22D8-467E-89A1-2887433D4015}.Release|Any CPU.ActiveCfg = Release|Any CPU
		{879809CA-22D8-467E-89A1-2887433D4015}.Release|Any CPU.Build.0 = Release|Any CPU
		{CA82ACE1-BADE-4B3C-89A6-2FD93C90D61D}.Debug|Any CPU.ActiveCfg = Debug|Any CPU
		{CA82ACE1-BADE-4B3C-89A6-2FD93C90D61D}.Debug|Any CPU.Build.0 = Debug|Any CPU
		{CA82ACE1-BADE-4B3C-89A6-2FD93C90D61D}.Release|Any CPU.ActiveCfg = Release|Any CPU
		{CA82ACE1-BADE-4B3C-89A6-2FD93C90D61D}.Release|Any CPU.Build.0 = Release|Any CPU
	EndGlobalSection
	GlobalSection(SolutionProperties) = preSolution
		HideSolutionNode = FALSE
	EndGlobalSection
EndGlobal
